
Microsoft Visual Studio Solution File, Format Version 12.00
# Visual Studio Version 17
VisualStudioVersion = 17.2.32516.85
MinimumVisualStudioVersion = 10.0.40219.1
Project("{9A19103F-16F7-4668-BE54-9A1E7A4F7556}") = "SiteManagement.UI", "BitirmeProjesi\SiteManagement.UI.csproj", "{789D235E-6513-4916-95F4-F80DE80489B1}"
EndProject
Project("{9A19103F-16F7-4668-BE54-9A1E7A4F7556}") = "SiteManagement.Business", "SiteManagement.Business\SiteManagement.Business.csproj", "{C60F563B-4F9B-45A0-B4BB-0EF481EBF49E}"
EndProject
Project("{9A19103F-16F7-4668-BE54-9A1E7A4F7556}") = "SiteManagement.Core", "SiteManagement.Core\SiteManagement.Core.csproj", "{F04CA2D2-0D12-44ED-B759-1751272714EF}"
EndProject
Project("{9A19103F-16F7-4668-BE54-9A1E7A4F7556}") = "SiteManagement.Entities", "SiteManagement.Entities\SiteManagement.Entities.csproj", "{AEC505BF-1F3B-4FD1-81E8-1FE27959559F}"
EndProject
Project("{9A19103F-16F7-4668-BE54-9A1E7A4F7556}") = "SiteManagement.DataAccess", "SiteManagement.DataAccess\SiteManagement.DataAccess.csproj", "{DC371EB4-B30C-4BEA-960C-5659197307E5}"
EndProject
Global
	GlobalSection(SolutionConfigurationPlatforms) = preSolution
		Debug|Any CPU = Debug|Any CPU
		Release|Any CPU = Release|Any CPU
	EndGlobalSection
	GlobalSection(ProjectConfigurationPlatforms) = postSolution
		{789D235E-6513-4916-95F4-F80DE80489B1}.Debug|Any CPU.ActiveCfg = Debug|Any CPU
		{789D235E-6513-4916-95F4-F80DE80489B1}.Debug|Any CPU.Build.0 = Debug|Any CPU
		{789D235E-6513-4916-95F4-F80DE80489B1}.Release|Any CPU.ActiveCfg = Release|Any CPU
		{789D235E-6513-4916-95F4-F80DE80489B1}.Release|Any CPU.Build.0 = Release|Any CPU
		{C60F563B-4F9B-45A0-B4BB-0EF481EBF49E}.Debug|Any CPU.ActiveCfg = Debug|Any CPU
		{C60F563B-4F9B-45A0-B4BB-0EF481EBF49E}.Debug|Any CPU.Build.0 = Debug|Any CPU
		{C60F563B-4F9B-45A0-B4BB-0EF481EBF49E}.Release|Any CPU.ActiveCfg = Release|Any CPU
		{C60F563B-4F9B-45A0-B4BB-0EF481EBF49E}.Release|Any CPU.Build.0 = Release|Any CPU
		{F04CA2D2-0D12-44ED-B759-1751272714EF}.Debug|Any CPU.ActiveCfg = Debug|Any CPU
		{F04CA2D2-0D12-44ED-B759-1751272714EF}.Debug|Any CPU.Build.0 = Debug|Any CPU
		{F04CA2D2-0D12-44ED-B759-1751272714EF}.Release|Any CPU.ActiveCfg = Release|Any CPU
		{F04CA2D2-0D12-44ED-B759-1751272714EF}.Release|Any CPU.Build.0 = Release|Any CPU
		{AEC505BF-1F3B-4FD1-81E8-1FE27959559F}.Debug|Any CPU.ActiveCfg = Debug|Any CPU
		{AEC505BF-1F3B-4FD1-81E8-1FE27959559F}.Debug|Any CPU.Build.0 = Debug|Any CPU
		{AEC505BF-1F3B-4FD1-81E8-1FE27959559F}.Release|Any CPU.ActiveCfg = Release|Any CPU
		{AEC505BF-1F3B-4FD1-81E8-1FE27959559F}.Release|Any CPU.Build.0 = Release|Any CPU
		{DC371EB4-B30C-4BEA-960C-5659197307E5}.Debug|Any CPU.ActiveCfg = Debug|Any CPU
		{DC371EB4-B30C-4BEA-960C-5659197307E5}.Debug|Any CPU.Build.0 = Debug|Any CPU
		{DC371EB4-B30C-4BEA-960C-5659197307E5}.Release|Any CPU.ActiveCfg = Release|Any CPU
		{DC371EB4-B30C-4BEA-960C-5659197307E5}.Release|Any CPU.Build.0 = Release|Any CPU
	EndGlobalSection
	GlobalSection(SolutionProperties) = preSolution
		HideSolutionNode = FALSE
	EndGlobalSection
	GlobalSection(ExtensibilityGlobals) = postSolution
		SolutionGuid = {681BF5B0-DE32-4389-B020-5098E5197C9A}
	EndGlobalSection
EndGlobal
